{
  "name": "vue-cli-plugin-vconsole",
  "version": "1.0.0",
  "lockfileVersion": 1,
  "requires": true,
  "dependencies": {
    "vconsole": {
      "version": "3.3.0",
      "resolved": "http://registry.npm.taobao.org/vconsole/download/vconsole-3.3.0.tgz",
      "integrity": "sha1-QmKcB/s7anJzPSu8QX7j6Esrx24="
    },
    "vconsole-webpack-plugin": {
      "version": "1.4.2",
      "resolved": "https://registry.npm.taobao.org/vconsole-webpack-plugin/download/vconsole-webpack-plugin-1.4.2.tgz",
      "integrity": "sha1-g4NG9w3GjA29DIXviOYlV18rmi0=",
      "requires": {
        "vconsole": "^3.1.0"
      }
    }
  }
}
